
Microsoft Visual Studio Solution File, Format Version 12.00
# Visual Studio Version 17
VisualStudioVersion = 17.8.34330.188
MinimumVisualStudioVersion = 10.0.40219.1
Project("{9A19103F-16F7-4668-BE54-9A1E7A4F7556}") = "Play.Catalog.Service", "Play.Catalog.Service\Play.Catalog.Service.csproj", "{D9C1B49A-1C9E-4A01-852E-B97EE6938637}"
EndProject
Project("{FAE04EC0-301F-11D3-BF4B-00C04F79EFBC}") = "Play.Catalog.Contracts", "Play.Catalog.Contracts\Play.Catalog.Contracts.csproj", "{37B9868C-6DDC-4BB2-B072-3A6F77B29A8E}"
EndProject
Global
	GlobalSection(SolutionConfigurationPlatforms) = preSolution
		Debug|Any CPU = Debug|Any CPU
		Release|Any CPU = Release|Any CPU
	EndGlobalSection
	GlobalSection(ProjectConfigurationPlatforms) = postSolution
		{D9C1B49A-1C9E-4A01-852E-B97EE6938637}.Debug|Any CPU.ActiveCfg = Debug|Any CPU
		{D9C1B49A-1C9E-4A01-852E-B97EE6938637}.Debug|Any CPU.Build.0 = Debug|Any CPU
		{D9C1B49A-1C9E-4A01-852E-B97EE6938637}.Release|Any CPU.ActiveCfg = Release|Any CPU
		{D9C1B49A-1C9E-4A01-852E-B97EE6938637}.Release|Any CPU.Build.0 = Release|Any CPU
		{37B9868C-6DDC-4BB2-B072-3A6F77B29A8E}.Debug|Any CPU.ActiveCfg = Debug|Any CPU
		{37B9868C-6DDC-4BB2-B072-3A6F77B29A8E}.Debug|Any CPU.Build.0 = Debug|Any CPU
		{37B9868C-6DDC-4BB2-B072-3A6F77B29A8E}.Release|Any CPU.ActiveCfg = Release|Any CPU
		{37B9868C-6DDC-4BB2-B072-3A6F77B29A8E}.Release|Any CPU.Build.0 = Release|Any CPU
	EndGlobalSection
	GlobalSection(SolutionProperties) = preSolution
		HideSolutionNode = FALSE
	EndGlobalSection
	GlobalSection(ExtensibilityGlobals) = postSolution
		SolutionGuid = {73863D1C-843C-4BFE-AB41-569C4C1E1BFA}
	EndGlobalSection
EndGlobal
